// !$*UTF8*$!
{
	archiveVersion = 1;
	classes = {
	};
	objectVersion = 50;
	objects = {

/* Begin PBXBuildFile section */
		2BA74B89248FB32500335318 /* AppDelegate.swift in Sources */ = {isa = PBXBuildFile; fileRef = 2BA74B88248FB32500335318 /* AppDelegate.swift */; };
		2BA74B8B248FB32500335318 /* SceneDelegate.swift in Sources */ = {isa = PBXBuildFile; fileRef = 2BA74B8A248FB32500335318 /* SceneDelegate.swift */; };
		2BA74B90248FB32500335318 /* Main.storyboard in Resources */ = {isa = PBXBuildFile; fileRef = 2BA74B8E248FB32500335318 /* Main.storyboard */; };
		2BA74B92248FB32700335318 /* Assets.xcassets in Resources */ = {isa = PBXBuildFile; fileRef = 2BA74B91248FB32700335318 /* Assets.xcassets */; };
		2BA74B95248FB32700335318 /* LaunchScreen.storyboard in Resources */ = {isa = PBXBuildFile; fileRef = 2BA74B93248FB32700335318 /* LaunchScreen.storyboard */; };
		2BA74BA2248FB43200335318 /* Person.swift in Sources */ = {isa = PBXBuildFile; fileRef = 2BA74BA1248FB43200335318 /* Person.swift */; };
		2BA74BA4248FB51200335318 /* PersonsTableViewController.swift in Sources */ = {isa = PBXBuildFile; fileRef = 2BA74BA3248FB51200335318 /* PersonsTableViewController.swift */; };
		2BA74BA9248FB67500335318 /* DataManager.swift in Sources */ = {isa = PBXBuildFile; fileRef = 2BA74BA8248FB67500335318 /* DataManager.swift */; };
/* End PBXBuildFile section */

/* Begin PBXFileReference section */
		2BA74B85248FB32500335318 /* ParsonPage.app */ = {isa = PBXFileReference; explicitFileType = wrapper.application; includeInIndex = 0; path = ParsonPage.app; sourceTree = BUILT_PRODUCTS_DIR; };
		2BA74B88248FB32500335318 /* AppDelegate.swift */ = {isa = PBXFileReference; lastKnownFileType = sourcecode.swift; path = AppDelegate.swift; sourceTree = "<group>"; };
		2BA74B8A248FB32500335318 /* SceneDelegate.swift */ = {isa = PBXFileReference; lastKnownFileType = sourcecode.swift; path = SceneDelegate.swift; sourceTree = "<group>"; };
		2BA74B8F248FB32500335318 /* Base */ = {isa = PBXFileReference; lastKnownFileType = file.storyboard; name = Base; path = Base.lproj/Main.storyboard; sourceTree = "<group>"; };
		2BA74B91248FB32700335318 /* Assets.xcassets */ = {isa = PBXFileReference; lastKnownFileType = folder.assetcatalog; path = Assets.xcassets; sourceTree = "<group>"; };
		2BA74B94248FB32700335318 /* Base */ = {isa = PBXFileReference; lastKnownFileType = file.storyboard; name = Base; path = Base.lproj/LaunchScreen.storyboard; sourceTree = "<group>"; };
		2BA74B96248FB32700335318 /* Info.plist */ = {isa = PBXFileReference; lastKnownFileType = text.plist.xml; path = Info.plist; sourceTree = "<group>"; };
		2BA74BA1248FB43200335318 /* Person.swift */ = {isa = PBXFileReference; lastKnownFileType = sourcecode.swift; path = Person.swift; sourceTree = "<group>"; };
		2BA74BA3248FB51200335318 /* PersonsTableViewController.swift */ = {isa = PBXFileReference; lastKnownFileType = sourcecode.swift; path = PersonsTableViewController.swift; sourceTree = "<group>"; };
		2BA74BA8248FB67500335318 /* DataManager.swift */ = {isa = PBXFileReference; lastKnownFileType = sourcecode.swift; path = DataManager.swift; sourceTree = "<group>"; };
/* End PBXFileReference section */

/* Begin PBXFrameworksBuildPhase section */
		2BA74B82248FB32500335318 /* Frameworks */ = {
			isa = PBXFrameworksBuildPhase;
			buildActionMask = 2147483647;
			files = (
			);
			runOnlyForDeploymentPostprocessing = 0;
		};
/* End PBXFrameworksBuildPhase section */

/* Begin PBXGroup section */
		2BA74B7C248FB32500335318 = {
			isa = PBXGroup;
			children = (
				2BA74B87248FB32500335318 /* ParsonPage */,
				2BA74B86248FB32500335318 /* Products */,
			);
			sourceTree = "<group>";
		};
		2BA74B86248FB32500335318 /* Products */ = {
			isa = PBXGroup;
			children = (
				2BA74B85248FB32500335318 /* ParsonPage.app */,
			);
			name = Products;
			sourceTree = "<group>";
		};
		2BA74B87248FB32500335318 /* ParsonPage */ = {
			isa = PBXGroup;
			children = (
				2BA74B9F248FB3E000335318 /* ViewControllers */,
				2BA74BA5248FB5F100335318 /* Data */,
				2BA74BA0248FB3F500335318 /* Model */,
				2BA74B9D248FB3A700335318 /* Storyboards */,
				2BA74B9E248FB3C300335318 /* Source */,
				2BA74B9C248FB34300335318 /* SupportingFiles */,
			);
			path = ParsonPage;
			sourceTree = "<group>";
		};
		2BA74B9C248FB34300335318 /* SupportingFiles */ = {
			isa = PBXGroup;
			children = (
				2BA74B88248FB32500335318 /* AppDelegate.swift */,
				2BA74B8A248FB32500335318 /* SceneDelegate.swift */,
				2BA74B96248FB32700335318 /* Info.plist */,
			);
			path = SupportingFiles;
			sourceTree = "<group>";
		};
		2BA74B9D248FB3A700335318 /* Storyboards */ = {
			isa = PBXGroup;
			children = (
				2BA74B8E248FB32500335318 /* Main.storyboard */,
				2BA74B93248FB32700335318 /* LaunchScreen.storyboard */,
			);
			path = Storyboards;
			sourceTree = "<group>";
		};
		2BA74B9E248FB3C300335318 /* Source */ = {
			isa = PBXGroup;
			children = (
				2BA74B91248FB32700335318 /* Assets.xcassets */,
			);
			path = Source;
			sourceTree = "<group>";
		};
		2BA74B9F248FB3E000335318 /* ViewControllers */ = {
			isa = PBXGroup;
			children = (
				2BA74BA3248FB51200335318 /* PersonsTableViewController.swift */,
			);
			path = ViewControllers;
			sourceTree = "<group>";
		};
		2BA74BA0248FB3F500335318 /* Model */ = {
			isa = PBXGroup;
			children = (
				2BA74BA1248FB43200335318 /* Person.swift */,
			);
			path = Model;
			sourceTree = "<group>";
		};
		2BA74BA5248FB5F100335318 /* Data */ = {
			isa = PBXGroup;
			children = (
				2BA74BA8248FB67500335318 /* DataManager.swift */,
			);
			path = Data;
			sourceTree = "<group>";
		};
/* End PBXGroup section */

/* Begin PBXNativeTarget section */
		2BA74B84248FB32500335318 /* ParsonPage */ = {
			isa = PBXNativeTarget;
			buildConfigurationList = 2BA74B99248FB32700335318 /* Build configuration list for PBXNativeTarget "ParsonPage" */;
			buildPhases = (
				2BA74B81248FB32500335318 /* Sources */,
				2BA74B82248FB32500335318 /* Frameworks */,
				2BA74B83248FB32500335318 /* Resources */,
			);
			buildRules = (
			);
			dependencies = (
			);
			name = ParsonPage;
			productName = ParsonPage;
			productReference = 2BA74B85248FB32500335318 /* ParsonPage.app */;
			productType = "com.apple.product-type.application";
		};
/* End PBXNativeTarget section */

/* Begin PBXProject section */
		2BA74B7D248FB32500335318 /* Project object */ = {
			isa = PBXProject;
			attributes = {
				LastSwiftUpdateCheck = 1150;
				LastUpgradeCheck = 1150;
				ORGANIZATIONNAME = "Pavel Parshin";
				TargetAttributes = {
					2BA74B84248FB32500335318 = {
						CreatedOnToolsVersion = 11.5;
					};
				};
			};
			buildConfigurationList = 2BA74B80248FB32500335318 /* Build configuration list for PBXProject "ParsonPage" */;
			compatibilityVersion = "Xcode 9.3";
			developmentRegion = en;
			hasScannedForEncodings = 0;
			knownRegions = (
				en,
				Base,
			);
			mainGroup = 2BA74B7C248FB32500335318;
			productRefGroup = 2BA74B86248FB32500335318 /* Products */;
			projectDirPath = "";
			projectRoot = "";
			targets = (
				2BA74B84248FB32500335318 /* ParsonPage */,
			);
		};
/* End PBXProject section */

/* Begin PBXResourcesBuildPhase section */
		2BA74B83248FB32500335318 /* Resources */ = {
			isa = PBXResourcesBuildPhase;
			buildActionMask = 2147483647;
			files = (
				2BA74B95248FB32700335318 /* LaunchScreen.storyboard in Resources */,
				2BA74B92248FB32700335318 /* Assets.xcassets in Resources */,
				2BA74B90248FB32500335318 /* Main.storyboard in Resources */,
			);
			runOnlyForDeploymentPostprocessing = 0;
		};
/* End PBXResourcesBuildPhase section */

/* Begin PBXSourcesBuildPhase section */
		2BA74B81248FB32500335318 /* Sources */ = {
			isa = PBXSourcesBuildPhase;
			buildActionMask = 2147483647;
			files = (
				2BA74B89248FB32500335318 /* AppDelegate.swift in Sources */,
				2BA74BA9248FB67500335318 /* DataManager.swift in Sources */,
				2BA74BA2248FB43200335318 /* Person.swift in Sources */,
				2BA74BA4248FB51200335318 /* PersonsTableViewController.swift in Sources */,
				2BA74B8B248FB32500335318 /* SceneDelegate.swift in Sources */,
			);
			runOnlyForDeploymentPostprocessing = 0;
		};
/* End PBXSourcesBuildPhase section */

/* Begin PBXVariantGroup section */
		2BA74B8E248FB32500335318 /* Main.storyboard */ = {
			isa = PBXVariantGroup;
			children = (
				2BA74B8F248FB32500335318 /* Base */,
			);
			name = Main.storyboard;
			sourceTree = "<group>";
		};
		2BA74B93248FB32700335318 /* LaunchScreen.storyboard */ = {
			isa = PBXVariantGroup;
			children = (
				2BA74B94248FB32700335318 /* Base */,
			);
			name = LaunchScreen.storyboard;
			sourceTree = "<group>";
		};
/* End PBXVariantGroup section */

/* Begin XCBuildConfiguration section */
		2BA74B97248FB32700335318 /* Debug */ = {
			isa = XCBuildConfiguration;
			buildSettings = {
				ALWAYS_SEARCH_USER_PATHS = NO;
				CLANG_ANALYZER_NONNULL = YES;
				CLANG_ANALYZER_NUMBER_OBJECT_CONVERSION = YES_AGGRESSIVE;
				CLANG_CXX_LANGUAGE_STANDARD = "gnu++14";
				CLANG_CXX_LIBRARY = "libc++";
				CLANG_ENABLE_MODULES = YES;
				CLANG_ENABLE_OBJC_ARC = YES;
				CLANG_ENABLE_OBJC_WEAK = YES;
				CLANG_WARN_BLOCK_CAPTURE_AUTORELEASING = YES;
				CLANG_WARN_BOOL_CONVERSION = YES;
				CLANG_WARN_COMMA = YES;
				CLANG_WARN_CONSTANT_CONVERSION = YES;
				CLANG_WARN_DEPRECATED_OBJC_IMPLEMENTATIONS = YES;
				CLANG_WARN_DIRECT_OBJC_ISA_USAGE = YES_ERROR;
				CLANG_WARN_DOCUMENTATION_COMMENTS = YES;
				CLANG_WARN_EMPTY_BODY = YES;
				CLANG_WARN_ENUM_CONVERSION = YES;
				CLANG_WARN_INFINITE_RECURSION = YES;
				CLANG_WARN_INT_CONVERSION = YES;
				CLANG_WARN_NON_LITERAL_NULL_CONVERSION = YES;
				CLANG_WARN_OBJC_IMPLICIT_RETAIN_SELF = YES;
				CLANG_WARN_OBJC_LITERAL_CONVERSION = YES;
				CLANG_WARN_OBJC_ROOT_CLASS = YES_ERROR;
				CLANG_WARN_RANGE_LOOP_ANALYSIS = YES;
				CLANG_WARN_STRICT_PROTOTYPES = YES;
				CLANG_WARN_SUSPICIOUS_MOVE = YES;
				CLANG_WARN_UNGUARDED_AVAILABILITY = YES_AGGRESSIVE;
				CLANG_WARN_UNREACHABLE_CODE = YES;
				CLANG_WARN__DUPLICATE_METHOD_MATCH = YES;
				COPY_PHASE_STRIP = NO;
				DEBUG_INFORMATION_FORMAT = dwarf;
				ENABLE_STRICT_OBJC_MSGSEND = YES;
				ENABLE_TESTABILITY = YES;
				GCC_C_LANGUAGE_STANDARD = gnu11;
				GCC_DYNAMIC_NO_PIC = NO;
				GCC_NO_COMMON_BLOCKS = YES;
				GCC_OPTIMIZATION_LEVEL = 0;
				GCC_PREPROCESSOR_DEFINITIONS = (
					"DEBUG=1",
					"$(inherited)",
				);
				GCC_WARN_64_TO_32_BIT_CONVERSION = YES;
				GCC_WARN_ABOUT_RETURN_TYPE = YES_ERROR;
				GCC_WARN_UNDECLARED_SELECTOR = YES;
				GCC_WARN_UNINITIALIZED_AUTOS = YES_AGGRESSIVE;
				GCC_WARN_UNUSED_FUNCTION = YES;
				GCC_WARN_UNUSED_VARIABLE = YES;
				IPHONEOS_DEPLOYMENT_TARGET = 13.5;
				MTL_ENABLE_DEBUG_INFO = INCLUDE_SOURCE;
				MTL_FAST_MATH = YES;
				ONLY_ACTIVE_ARCH = YES;
				SDKROOT = iphoneos;
				SWIFT_ACTIVE_COMPILATION_CONDITIONS = DEBUG;
				SWIFT_OPTIMIZATION_LEVEL = "-Onone";
			};
			name = Debug;
		};
		2BA74B98248FB32700335318 /* Release */ = {
			isa = XCBuildConfiguration;
			buildSettings = {
				ALWAYS_SEARCH_USER_PATHS = NO;
				CLANG_ANALYZER_NONNULL = YES;
				CLANG_ANALYZER_NUMBER_OBJECT_CONVERSION = YES_AGGRESSIVE;
				CLANG_CXX_LANGUAGE_STANDARD = "gnu++14";
				CLANG_CXX_LIBRARY = "libc++";
				CLANG_ENABLE_MODULES = YES;
				CLANG_ENABLE_OBJC_ARC = YES;
				CLANG_ENABLE_OBJC_WEAK = YES;
				CLANG_WARN_BLOCK_CAPTURE_AUTORELEASING = YES;
				CLANG_WARN_BOOL_CONVERSION = YES;
				CLANG_WARN_COMMA = YES;
				CLANG_WARN_CONSTANT_CONVERSION = YES;
				CLANG_WARN_DEPRECATED_OBJC_IMPLEMENTATIONS = YES;
				CLANG_WARN_DIRECT_OBJC_ISA_USAGE = YES_ERROR;
				CLANG_WARN_DOCUMENTATION_COMMENTS = YES;
				CLANG_WARN_EMPTY_BODY = YES;
				CLANG_WARN_ENUM_CONVERSION = YES;
				CLANG_WARN_INFINITE_RECURSION = YES;
				CLANG_WARN_INT_CONVERSION = YES;
				CLANG_WARN_NON_LITERAL_NULL_CONVERSION = YES;
				CLANG_WARN_OBJC_IMPLICIT_RETAIN_SELF = YES;
				CLANG_WARN_OBJC_LITERAL_CONVERSION = YES;
				CLANG_WARN_OBJC_ROOT_CLASS = YES_ERROR;
				CLANG_WARN_RANGE_LOOP_ANALYSIS = YES;
				CLANG_WARN_STRICT_PROTOTYPES = YES;
				CLANG_WARN_SUSPICIOUS_MOVE = YES;
				CLANG_WARN_UNGUARDED_AVAILABILITY = YES_AGGRESSIVE;
				CLANG_WARN_UNREACHABLE_CODE = YES;
				CLANG_WARN__DUPLICATE_METHOD_MATCH = YES;
				COPY_PHASE_STRIP = NO;
				DEBUG_INFORMATION_FORMAT = "dwarf-with-dsym";
				ENABLE_NS_ASSERTIONS = NO;
				ENABLE_STRICT_OBJC_MSGSEND = YES;
				GCC_C_LANGUAGE_STANDARD = gnu11;
				GCC_NO_COMMON_BLOCKS = YES;
				GCC_WARN_64_TO_32_BIT_CONVERSION = YES;
				GCC_WARN_ABOUT_RETURN_TYPE = YES_ERROR;
				GCC_WARN_UNDECLARED_SELECTOR = YES;
				GCC_WARN_UNINITIALIZED_AUTOS = YES_AGGRESSIVE;
				GCC_WARN_UNUSED_FUNCTION = YES;
				GCC_WARN_UNUSED_VARIABLE = YES;
				IPHONEOS_DEPLOYMENT_TARGET = 13.5;
				MTL_ENABLE_DEBUG_INFO = NO;
				MTL_FAST_MATH = YES;
				SDKROOT = iphoneos;
				SWIFT_COMPILATION_MODE = wholemodule;
				SWIFT_OPTIMIZATION_LEVEL = "-O";
				VALIDATE_PRODUCT = YES;
			};
			name = Release;
		};
		2BA74B9A248FB32700335318 /* Debug */ = {
			isa = XCBuildConfiguration;
			buildSettings = {
				ASSETCATALOG_COMPILER_APPICON_NAME = AppIcon;
				CODE_SIGN_STYLE = Automatic;
				DEVELOPMENT_TEAM = 2ZXQUQVQEL;
				INFOPLIST_FILE = ParsonPage/SupportingFiles/Info.plist;
				LD_RUNPATH_SEARCH_PATHS = (
					"$(inherited)",
					"@executable_path/Frameworks",
				);
				PRODUCT_BUNDLE_IDENTIFIER = ru.pavelparshin.ParsonPage;
				PRODUCT_NAME = "$(TARGET_NAME)";
				SWIFT_VERSION = 5.0;
				TARGETED_DEVICE_FAMILY = 1;
			};
			name = Debug;
		};
		2BA74B9B248FB32700335318 /* Release */ = {
			isa = XCBuildConfiguration;
			buildSettings = {
				ASSETCATALOG_COMPILER_APPICON_NAME = AppIcon;
				CODE_SIGN_STYLE = Automatic;
				DEVELOPMENT_TEAM = 2ZXQUQVQEL;
				INFOPLIST_FILE = ParsonPage/SupportingFiles/Info.plist;
				LD_RUNPATH_SEARCH_PATHS = (
					"$(inherited)",
					"@executable_path/Frameworks",
				);
				PRODUCT_BUNDLE_IDENTIFIER = ru.pavelparshin.ParsonPage;
				PRODUCT_NAME = "$(TARGET_NAME)";
				SWIFT_VERSION = 5.0;
				TARGETED_DEVICE_FAMILY = 1;
			};
			name = Release;
		};
/* End XCBuildConfiguration section */

/* Begin XCConfigurationList section */
		2BA74B80248FB32500335318 /* Build configuration list for PBXProject "ParsonPage" */ = {
			isa = XCConfigurationList;
			buildConfigurations = (
				2BA74B97248FB32700335318 /* Debug */,
				2BA74B98248FB32700335318 /* Release */,
			);
			defaultConfigurationIsVisible = 0;
			defaultConfigurationName = Release;
		};
		2BA74B99248FB32700335318 /* Build configuration list for PBXNativeTarget "ParsonPage" */ = {
			isa = XCConfigurationList;
			buildConfigurations = (
				2BA74B9A248FB32700335318 /* Debug */,
				2BA74B9B248FB32700335318 /* Release */,
			);
			defaultConfigurationIsVisible = 0;
			defaultConfigurationName = Release;
		};
/* End XCConfigurationList section */
	};
	rootObject = 2BA74B7D248FB32500335318 /* Project object */;
}
